// !$*UTF8*$!
{
	archiveVersion = 1;
	classes = {
	};
	objectVersion = 77;
	objects = {

/* Begin PBXBuildFile section */
		35B8136654B28BC769F55993 /* Pods_workerTests.framework in Frameworks */ = {isa = PBXBuildFile; fileRef = 2C5F785F112C09E992BD0A64 /* Pods_workerTests.framework */; };
		59097FD82F0C4D97004E39AE /* Cucumberish.framework in Frameworks */ = {isa = PBXBuildFile; fileRef = 59097FD42F0C4D93004E39AE /* Cucumberish.framework */; };
		59097FD92F0C4D97004E39AE /* Cucumberish.framework in Embed Frameworks */ = {isa = PBXBuildFile; fileRef = 59097FD42F0C4D93004E39AE /* Cucumberish.framework */; settings = {ATTRIBUTES = (CodeSignOnCopy, RemoveHeadersOnCopy, ); }; };
		59097FDA2F0C4D97004E39AE /* Pods_worker_workerUITests.framework in Frameworks */ = {isa = PBXBuildFile; fileRef = 59097FD52F0C4D93004E39AE /* Pods_worker_workerUITests.framework */; };
		59097FDB2F0C4D97004E39AE /* Pods_worker_workerUITests.framework in Embed Frameworks */ = {isa = PBXBuildFile; fileRef = 59097FD52F0C4D93004E39AE /* Pods_worker_workerUITests.framework */; settings = {ATTRIBUTES = (CodeSignOnCopy, RemoveHeadersOnCopy, ); }; };
		59097FDC2F0C4D97004E39AE /* Pods_worker.framework in Frameworks */ = {isa = PBXBuildFile; fileRef = 59097FD62F0C4D93004E39AE /* Pods_worker.framework */; };
		59097FDD2F0C4D97004E39AE /* Pods_worker.framework in Embed Frameworks */ = {isa = PBXBuildFile; fileRef = 59097FD62F0C4D93004E39AE /* Pods_worker.framework */; settings = {ATTRIBUTES = (CodeSignOnCopy, RemoveHeadersOnCopy, ); }; };
		59097FE02F0C50DA004E39AE /* Features in Sources */ = {isa = PBXBuildFile; fileRef = 59097FDF2F0C50DA004E39AE /* Features */; };
		679DE616DB255BE1A2B6FC9C /* Pods_worker.framework in Frameworks */ = {isa = PBXBuildFile; fileRef = A02DF65A051658AB3D21A60A /* Pods_worker.framework */; };
		67DAD7C4806D033479463FF4 /* Pods_worker_workerUITests.framework in Frameworks */ = {isa = PBXBuildFile; fileRef = 97B4F113895B6C5329CA4712 /* Pods_worker_workerUITests.framework */; };
/* End PBXBuildFile section */

/* Begin PBXContainerItemProxy section */
		5966249D2F0C47EB000B3FDC /* PBXContainerItemProxy */ = {
			isa = PBXContainerItemProxy;
			containerPortal = 596624832F0C47EA000B3FDC /* Project object */;
			proxyType = 1;
			remoteGlobalIDString = 5966248A2F0C47EA000B3FDC;
			remoteInfo = worker;
		};
		596624A72F0C47EB000B3FDC /* PBXContainerItemProxy */ = {
			isa = PBXContainerItemProxy;
			containerPortal = 596624832F0C47EA000B3FDC /* Project object */;
			proxyType = 1;
			remoteGlobalIDString = 5966248A2F0C47EA000B3FDC;
			remoteInfo = worker;
		};
/* End PBXContainerItemProxy section */

/* Begin PBXCopyFilesBuildPhase section */
		59097FDE2F0C4D97004E39AE /* Embed Frameworks */ = {
			isa = PBXCopyFilesBuildPhase;
			buildActionMask = 2147483647;
			dstPath = "";
			dstSubfolderSpec = 10;
			files = (
				59097FDB2F0C4D97004E39AE /* Pods_worker_workerUITests.framework in Embed Frameworks */,
				59097FD92F0C4D97004E39AE /* Cucumberish.framework in Embed Frameworks */,
				59097FDD2F0C4D97004E39AE /* Pods_worker.framework in Embed Frameworks */,
			);
			name = "Embed Frameworks";
			runOnlyForDeploymentPostprocessing = 0;
		};
/* End PBXCopyFilesBuildPhase section */

/* Begin PBXFileReference section */
		1ADAB04A3FFAC97BE85231DA /* Pods-worker-workerUITests.release.xcconfig */ = {isa = PBXFileReference; includeInIndex = 1; lastKnownFileType = text.xcconfig; name = "Pods-worker-workerUITests.release.xcconfig"; path = "Target Support Files/Pods-worker-workerUITests/Pods-worker-workerUITests.release.xcconfig"; sourceTree = "<group>"; };
		2C5F785F112C09E992BD0A64 /* Pods_workerTests.framework */ = {isa = PBXFileReference; explicitFileType = wrapper.framework; includeInIndex = 0; path = Pods_workerTests.framework; sourceTree = BUILT_PRODUCTS_DIR; };
		4404AACD4061D4B7FA75D7EC /* Pods-worker.debug.xcconfig */ = {isa = PBXFileReference; includeInIndex = 1; lastKnownFileType = text.xcconfig; name = "Pods-worker.debug.xcconfig"; path = "Target Support Files/Pods-worker/Pods-worker.debug.xcconfig"; sourceTree = "<group>"; };
		479DBD5F6E598DEBE4E93420 /* Pods-workerTests.release.xcconfig */ = {isa = PBXFileReference; includeInIndex = 1; lastKnownFileType = text.xcconfig; name = "Pods-workerTests.release.xcconfig"; path = "Target Support Files/Pods-workerTests/Pods-workerTests.release.xcconfig"; sourceTree = "<group>"; };
		59097FD42F0C4D93004E39AE /* Cucumberish.framework */ = {isa = PBXFileReference; explicitFileType = wrapper.framework; path = Cucumberish.framework; sourceTree = BUILT_PRODUCTS_DIR; };
		59097FD52F0C4D93004E39AE /* Pods_worker_workerUITests.framework */ = {isa = PBXFileReference; explicitFileType = wrapper.framework; path = Pods_worker_workerUITests.framework; sourceTree = BUILT_PRODUCTS_DIR; };
		59097FD62F0C4D93004E39AE /* Pods_worker.framework */ = {isa = PBXFileReference; explicitFileType = wrapper.framework; path = Pods_worker.framework; sourceTree = BUILT_PRODUCTS_DIR; };
		59097FD72F0C4D93004E39AE /* Pods_workerTests.framework */ = {isa = PBXFileReference; explicitFileType = wrapper.framework; path = Pods_workerTests.framework; sourceTree = BUILT_PRODUCTS_DIR; };
		59097FDF2F0C50DA004E39AE /* Features */ = {isa = PBXFileReference; lastKnownFileType = folder; name = Features; path = workerUITests/Features; sourceTree = "<group>"; };
		5966248B2F0C47EA000B3FDC /* worker.app */ = {isa = PBXFileReference; explicitFileType = wrapper.application; includeInIndex = 0; path = worker.app; sourceTree = BUILT_PRODUCTS_DIR; };
		5966249C2F0C47EB000B3FDC /* workerTests.xctest */ = {isa = PBXFileReference; explicitFileType = wrapper.cfbundle; includeInIndex = 0; path = workerTests.xctest; sourceTree = BUILT_PRODUCTS_DIR; };
		596624A62F0C47EB000B3FDC /* workerUITests.xctest */ = {isa = PBXFileReference; explicitFileType = wrapper.cfbundle; includeInIndex = 0; path = workerUITests.xctest; sourceTree = BUILT_PRODUCTS_DIR; };
		97B4F113895B6C5329CA4712 /* Pods_worker_workerUITests.framework */ = {isa = PBXFileReference; explicitFileType = wrapper.framework; includeInIndex = 0; path = Pods_worker_workerUITests.framework; sourceTree = BUILT_PRODUCTS_DIR; };
		98411BA69032310C646890A5 /* Pods-worker-workerUITests.debug.xcconfig */ = {isa = PBXFileReference; includeInIndex = 1; lastKnownFileType = text.xcconfig; name = "Pods-worker-workerUITests.debug.xcconfig"; path = "Target Support Files/Pods-worker-workerUITests/Pods-worker-workerUITests.debug.xcconfig"; sourceTree = "<group>"; };
		9C2F597A092D3C073960A997 /* Pods-worker.release.xcconfig */ = {isa = PBXFileReference; includeInIndex = 1; lastKnownFileType = text.xcconfig; name = "Pods-worker.release.xcconfig"; path = "Target Support Files/Pods-worker/Pods-worker.release.xcconfig"; sourceTree = "<group>"; };
		A02DF65A051658AB3D21A60A /* Pods_worker.framework */ = {isa = PBXFileReference; explicitFileType = wrapper.framework; includeInIndex = 0; path = Pods_worker.framework; sourceTree = BUILT_PRODUCTS_DIR; };
		F79E9EB41AAE9AAD50719C6E /* Pods-workerTests.debug.xcconfig */ = {isa = PBXFileReference; includeInIndex = 1; lastKnownFileType = text.xcconfig; name = "Pods-workerTests.debug.xcconfig"; path = "Target Support Files/Pods-workerTests/Pods-workerTests.debug.xcconfig"; sourceTree = "<group>"; };
/* End PBXFileReference section */

/* Begin PBXFileSystemSynchronizedBuildFileExceptionSet section */
		596624AE2F0C47EB000B3FDC /* Exceptions for "worker" folder in "worker" target */ = {
			isa = PBXFileSystemSynchronizedBuildFileExceptionSet;
			membershipExceptions = (
				Info.plist,
			);
			target = 5966248A2F0C47EA000B3FDC /* worker */;
		};
		59B6ED412F5D99250012397D /* Exceptions for "worker" folder in "workerTests" target */ = {
			isa = PBXFileSystemSynchronizedBuildFileExceptionSet;
			membershipExceptions = (
				homeView.swift,
				welcomeView.swift,
			);
			target = 5966249B2F0C47EB000B3FDC /* workerTests */;
		};
		59B6ED422F5D99250012397D /* Exceptions for "worker" folder in "workerUITests" target */ = {
			isa = PBXFileSystemSynchronizedBuildFileExceptionSet;
			membershipExceptions = (
				homeView.swift,
				welcomeView.swift,
			);
			target = 596624A52F0C47EB000B3FDC /* workerUITests */;
		};
/* End PBXFileSystemSynchronizedBuildFileExceptionSet section */

/* Begin PBXFileSystemSynchronizedRootGroup section */
		5966248D2F0C47EA000B3FDC /* worker */ = {
			isa = PBXFileSystemSynchronizedRootGroup;
			exceptions = (
				596624AE2F0C47EB000B3FDC /* Exceptions for "worker" folder in "worker" target */,
				59B6ED412F5D99250012397D /* Exceptions for "worker" folder in "workerTests" target */,
				59B6ED422F5D99250012397D /* Exceptions for "worker" folder in "workerUITests" target */,
			);
			path = worker;
			sourceTree = "<group>";
		};
		5966249F2F0C47EB000B3FDC /* workerTests */ = {
			isa = PBXFileSystemSynchronizedRootGroup;
			path = workerTests;
			sourceTree = "<group>";
		};
		596624A92F0C47EB000B3FDC /* workerUITests */ = {
			isa = PBXFileSystemSynchronizedRootGroup;
			path = workerUITests;
			sourceTree = "<group>";
		};
/* End PBXFileSystemSynchronizedRootGroup section */

/* Begin PBXFrameworksBuildPhase section */
		596624882F0C47EA000B3FDC /* Frameworks */ = {
			isa = PBXFrameworksBuildPhase;
			buildActionMask = 2147483647;
			files = (
				679DE616DB255BE1A2B6FC9C /* Pods_worker.framework in Frameworks */,
			);
			runOnlyForDeploymentPostprocessing = 0;
		};
		596624992F0C47EB000B3FDC /* Frameworks */ = {
			isa = PBXFrameworksBuildPhase;
			buildActionMask = 2147483647;
			files = (
				59097FDC2F0C4D97004E39AE /* Pods_worker.framework in Frameworks */,
				59097FDA2F0C4D97004E39AE /* Pods_worker_workerUITests.framework in Frameworks */,
				35B8136654B28BC769F55993 /* Pods_workerTests.framework in Frameworks */,
				59097FD82F0C4D97004E39AE /* Cucumberish.framework in Frameworks */,
			);
			runOnlyForDeploymentPostprocessing = 0;
		};
		596624A32F0C47EB000B3FDC /* Frameworks */ = {
			isa = PBXFrameworksBuildPhase;
			buildActionMask = 2147483647;
			files = (
				67DAD7C4806D033479463FF4 /* Pods_worker_workerUITests.framework in Frameworks */,
			);
			runOnlyForDeploymentPostprocessing = 0;
		};
/* End PBXFrameworksBuildPhase section */

/* Begin PBXGroup section */
		596624822F0C47EA000B3FDC = {
			isa = PBXGroup;
			children = (
				59097FDF2F0C50DA004E39AE /* Features */,
				5966248D2F0C47EA000B3FDC /* worker */,
				5966249F2F0C47EB000B3FDC /* workerTests */,
				596624A92F0C47EB000B3FDC /* workerUITests */,
				5966248C2F0C47EA000B3FDC /* Products */,
				727318E5BC1341AA9151D5D2 /* Pods */,
				F8B1ADF2923B46D7B27ACA5F /* Frameworks */,
			);
			sourceTree = "<group>";
		};
		5966248C2F0C47EA000B3FDC /* Products */ = {
			isa = PBXGroup;
			children = (
				5966248B2F0C47EA000B3FDC /* worker.app */,
				5966249C2F0C47EB000B3FDC /* workerTests.xctest */,
				596624A62F0C47EB000B3FDC /* workerUITests.xctest */,
			);
			name = Products;
			sourceTree = "<group>";
		};
		727318E5BC1341AA9151D5D2 /* Pods */ = {
			isa = PBXGroup;
			children = (
				4404AACD4061D4B7FA75D7EC /* Pods-worker.debug.xcconfig */,
				9C2F597A092D3C073960A997 /* Pods-worker.release.xcconfig */,
				98411BA69032310C646890A5 /* Pods-worker-workerUITests.debug.xcconfig */,
				1ADAB04A3FFAC97BE85231DA /* Pods-worker-workerUITests.release.xcconfig */,
				F79E9EB41AAE9AAD50719C6E /* Pods-workerTests.debug.xcconfig */,
				479DBD5F6E598DEBE4E93420 /* Pods-workerTests.release.xcconfig */,
			);
			path = Pods;
			sourceTree = "<group>";
		};
		F8B1ADF2923B46D7B27ACA5F /* Frameworks */ = {
			isa = PBXGroup;
			children = (
				59097FD42F0C4D93004E39AE /* Cucumberish.framework */,
				59097FD52F0C4D93004E39AE /* Pods_worker_workerUITests.framework */,
				59097FD62F0C4D93004E39AE /* Pods_worker.framework */,
				59097FD72F0C4D93004E39AE /* Pods_workerTests.framework */,
				A02DF65A051658AB3D21A60A /* Pods_worker.framework */,
				97B4F113895B6C5329CA4712 /* Pods_worker_workerUITests.framework */,
				2C5F785F112C09E992BD0A64 /* Pods_workerTests.framework */,
			);
			name = Frameworks;
			sourceTree = "<group>";
		};
/* End PBXGroup section */

/* Begin PBXNativeTarget section */
		5966248A2F0C47EA000B3FDC /* worker */ = {
			isa = PBXNativeTarget;
			buildConfigurationList = 596624AF2F0C47EB000B3FDC /* Build configuration list for PBXNativeTarget "worker" */;
			buildPhases = (
				5D5052134FE0F6A66AD42C20 /* [CP] Check Pods Manifest.lock */,
				596624872F0C47EA000B3FDC /* Sources */,
				596624882F0C47EA000B3FDC /* Frameworks */,
				596624892F0C47EA000B3FDC /* Resources */,
			);
			buildRules = (
			);
			dependencies = (
			);
			fileSystemSynchronizedGroups = (
				5966248D2F0C47EA000B3FDC /* worker */,
			);
			name = worker;
			productName = worker;
			productReference = 5966248B2F0C47EA000B3FDC /* worker.app */;
			productType = "com.apple.product-type.application";
		};
		5966249B2F0C47EB000B3FDC /* workerTests */ = {
			isa = PBXNativeTarget;
			buildConfigurationList = 596624B42F0C47EB000B3FDC /* Build configuration list for PBXNativeTarget "workerTests" */;
			buildPhases = (
				9B6FB5FB59403857BDC5BE2A /* [CP] Check Pods Manifest.lock */,
				596624982F0C47EB000B3FDC /* Sources */,
				596624992F0C47EB000B3FDC /* Frameworks */,
				5966249A2F0C47EB000B3FDC /* Resources */,
				AB1EC39170A987D35DD13327 /* [CP] Embed Pods Frameworks */,
				59097FDE2F0C4D97004E39AE /* Embed Frameworks */,
			);
			buildRules = (
			);
			dependencies = (
				5966249E2F0C47EB000B3FDC /* PBXTargetDependency */,
			);
			fileSystemSynchronizedGroups = (
				5966249F2F0C47EB000B3FDC /* workerTests */,
			);
			name = workerTests;
			productName = workerTests;
			productReference = 5966249C2F0C47EB000B3FDC /* workerTests.xctest */;
			productType = "com.apple.product-type.bundle.unit-test";
		};
		596624A52F0C47EB000B3FDC /* workerUITests */ = {
			isa = PBXNativeTarget;
			buildConfigurationList = 596624B72F0C47EB000B3FDC /* Build configuration list for PBXNativeTarget "workerUITests" */;
			buildPhases = (
				304B1006BCFC6B0E703D0858 /* [CP] Check Pods Manifest.lock */,
				596624A22F0C47EB000B3FDC /* Sources */,
				596624A32F0C47EB000B3FDC /* Frameworks */,
				596624A42F0C47EB000B3FDC /* Resources */,
				017E9E58E3AAE37A22715649 /* [CP] Embed Pods Frameworks */,
			);
			buildRules = (
			);
			dependencies = (
				596624A82F0C47EB000B3FDC /* PBXTargetDependency */,
			);
			fileSystemSynchronizedGroups = (
				596624A92F0C47EB000B3FDC /* workerUITests */,
			);
			name = workerUITests;
			productName = workerUITests;
			productReference = 596624A62F0C47EB000B3FDC /* workerUITests.xctest */;
			productType = "com.apple.product-type.bundle.ui-testing";
		};
/* End PBXNativeTarget section */

/* Begin PBXProject section */
		596624832F0C47EA000B3FDC /* Project object */ = {
			isa = PBXProject;
			attributes = {
				BuildIndependentTargetsInParallel = 1;
				LastSwiftUpdateCheck = 2620;
				LastUpgradeCheck = 2620;
				TargetAttributes = {
					5966248A2F0C47EA000B3FDC = {
						CreatedOnToolsVersion = 26.2;
					};
					5966249B2F0C47EB000B3FDC = {
						CreatedOnToolsVersion = 26.2;
						TestTargetID = 5966248A2F0C47EA000B3FDC;
					};
					596624A52F0C47EB000B3FDC = {
						CreatedOnToolsVersion = 26.2;
						LastSwiftMigration = 2620;
						TestTargetID = 5966248A2F0C47EA000B3FDC;
					};
				};
			};
			buildConfigurationList = 596624862F0C47EA000B3FDC /* Build configuration list for PBXProject "worker" */;
			developmentRegion = en;
			hasScannedForEncodings = 0;
			knownRegions = (
				en,
				Base,
			);
			mainGroup = 596624822F0C47EA000B3FDC;
			minimizedProjectReferenceProxies = 1;
			preferredProjectObjectVersion = 77;
			productRefGroup = 5966248C2F0C47EA000B3FDC /* Products */;
			projectDirPath = "";
			projectRoot = "";
			targets = (
				5966248A2F0C47EA000B3FDC /* worker */,
				5966249B2F0C47EB000B3FDC /* workerTests */,
				596624A52F0C47EB000B3FDC /* workerUITests */,
			);
		};
/* End PBXProject section */

/* Begin PBXResourcesBuildPhase section */
		596624892F0C47EA000B3FDC /* Resources */ = {
			isa = PBXResourcesBuildPhase;
			buildActionMask = 2147483647;
			files = (
			);
			runOnlyForDeploymentPostprocessing = 0;
		};
		5966249A2F0C47EB000B3FDC /* Resources */ = {
			isa = PBXResourcesBuildPhase;
			buildActionMask = 2147483647;
			files = (
			);
			runOnlyForDeploymentPostprocessing = 0;
		};
		596624A42F0C47EB000B3FDC /* Resources */ = {
			isa = PBXResourcesBuildPhase;
			buildActionMask = 2147483647;
			files = (
			);
			runOnlyForDeploymentPostprocessing = 0;
		};
/* End PBXResourcesBuildPhase section */

/* Begin PBXShellScriptBuildPhase section */
		017E9E58E3AAE37A22715649 /* [CP] Embed Pods Frameworks */ = {
			isa = PBXShellScriptBuildPhase;
			buildActionMask = 2147483647;
			files = (
			);
			inputFileListPaths = (
				"${PODS_ROOT}/Target Support Files/Pods-worker-workerUITests/Pods-worker-workerUITests-frameworks-${CONFIGURATION}-input-files.xcfilelist",
			);
			inputPaths = (
			);
			name = "[CP] Embed Pods Frameworks";
			outputFileListPaths = (
				"${PODS_ROOT}/Target Support Files/Pods-worker-workerUITests/Pods-worker-workerUITests-frameworks-${CONFIGURATION}-output-files.xcfilelist",
			);
			outputPaths = (
			);
			runOnlyForDeploymentPostprocessing = 0;
			shellPath = /bin/sh;
			shellScript = "\"${PODS_ROOT}/Target Support Files/Pods-worker-workerUITests/Pods-worker-workerUITests-frameworks.sh\"\n";
			showEnvVarsInLog = 0;
		};
		304B1006BCFC6B0E703D0858 /* [CP] Check Pods Manifest.lock */ = {
			isa = PBXShellScriptBuildPhase;
			buildActionMask = 2147483647;
			files = (
			);
			inputFileListPaths = (
			);
			inputPaths = (
				"${PODS_PODFILE_DIR_PATH}/Podfile.lock",
				"${PODS_ROOT}/Manifest.lock",
			);
			name = "[CP] Check Pods Manifest.lock";
			outputFileListPaths = (
			);
			outputPaths = (
				"$(DERIVED_FILE_DIR)/Pods-worker-workerUITests-checkManifestLockResult.txt",
			);
			runOnlyForDeploymentPostprocessing = 0;
			shellPath = /bin/sh;
			shellScript = "diff \"${PODS_PODFILE_DIR_PATH}/Podfile.lock\" \"${PODS_ROOT}/Manifest.lock\" > /dev/null\nif [ $? != 0 ] ; then\n    # print error to STDERR\n    echo \"error: The sandbox is not in sync with the Podfile.lock. Run 'pod install' or update your CocoaPods installation.\" >&2\n    exit 1\nfi\n# This output is used by Xcode 'outputs' to avoid re-running this script phase.\necho \"SUCCESS\" > \"${SCRIPT_OUTPUT_FILE_0}\"\n";
			showEnvVarsInLog = 0;
		};
		5D5052134FE0F6A66AD42C20 /* [CP] Check Pods Manifest.lock */ = {
			isa = PBXShellScriptBuildPhase;
			buildActionMask = 2147483647;
			files = (
			);
			inputFileListPaths = (
			);
			inputPaths = (
				"${PODS_PODFILE_DIR_PATH}/Podfile.lock",
				"${PODS_ROOT}/Manifest.lock",
			);
			name = "[CP] Check Pods Manifest.lock";
			outputFileListPaths = (
			);
			outputPaths = (
				"$(DERIVED_FILE_DIR)/Pods-worker-checkManifestLockResult.txt",
			);
			runOnlyForDeploymentPostprocessing = 0;
			shellPath = /bin/sh;
			shellScript = "diff \"${PODS_PODFILE_DIR_PATH}/Podfile.lock\" \"${PODS_ROOT}/Manifest.lock\" > /dev/null\nif [ $? != 0 ] ; then\n    # print error to STDERR\n    echo \"error: The sandbox is not in sync with the Podfile.lock. Run 'pod install' or update your CocoaPods installation.\" >&2\n    exit 1\nfi\n# This output is used by Xcode 'outputs' to avoid re-running this script phase.\necho \"SUCCESS\" > \"${SCRIPT_OUTPUT_FILE_0}\"\n";
			showEnvVarsInLog = 0;
		};
		9B6FB5FB59403857BDC5BE2A /* [CP] Check Pods Manifest.lock */ = {
			isa = PBXShellScriptBuildPhase;
			buildActionMask = 2147483647;
			files = (
			);
			inputFileListPaths = (
			);
			inputPaths = (
				"${PODS_PODFILE_DIR_PATH}/Podfile.lock",
				"${PODS_ROOT}/Manifest.lock",
			);
			name = "[CP] Check Pods Manifest.lock";
			outputFileListPaths = (
			);
			outputPaths = (
				"$(DERIVED_FILE_DIR)/Pods-workerTests-checkManifestLockResult.txt",
			);
			runOnlyForDeploymentPostprocessing = 0;
			shellPath = /bin/sh;
			shellScript = "diff \"${PODS_PODFILE_DIR_PATH}/Podfile.lock\" \"${PODS_ROOT}/Manifest.lock\" > /dev/null\nif [ $? != 0 ] ; then\n    # print error to STDERR\n    echo \"error: The sandbox is not in sync with the Podfile.lock. Run 'pod install' or update your CocoaPods installation.\" >&2\n    exit 1\nfi\n# This output is used by Xcode 'outputs' to avoid re-running this script phase.\necho \"SUCCESS\" > \"${SCRIPT_OUTPUT_FILE_0}\"\n";
			showEnvVarsInLog = 0;
		};
		AB1EC39170A987D35DD13327 /* [CP] Embed Pods Frameworks */ = {
			isa = PBXShellScriptBuildPhase;
			buildActionMask = 2147483647;
			files = (
			);
			inputFileListPaths = (
				"${PODS_ROOT}/Target Support Files/Pods-workerTests/Pods-workerTests-frameworks-${CONFIGURATION}-input-files.xcfilelist",
			);
			inputPaths = (
			);
			name = "[CP] Embed Pods Frameworks";
			outputFileListPaths = (
				"${PODS_ROOT}/Target Support Files/Pods-workerTests/Pods-workerTests-frameworks-${CONFIGURATION}-output-files.xcfilelist",
			);
			outputPaths = (
			);
			runOnlyForDeploymentPostprocessing = 0;
			shellPath = /bin/sh;
			shellScript = "\"${PODS_ROOT}/Target Support Files/Pods-workerTests/Pods-workerTests-frameworks.sh\"\n";
			showEnvVarsInLog = 0;
		};
/* End PBXShellScriptBuildPhase section */

/* Begin PBXSourcesBuildPhase section */
		596624872F0C47EA000B3FDC /* Sources */ = {
			isa = PBXSourcesBuildPhase;
			buildActionMask = 2147483647;
			files = (
			);
			runOnlyForDeploymentPostprocessing = 0;
		};
		596624982F0C47EB000B3FDC /* Sources */ = {
			isa = PBXSourcesBuildPhase;
			buildActionMask = 2147483647;
			files = (
			);
			runOnlyForDeploymentPostprocessing = 0;
		};
		596624A22F0C47EB000B3FDC /* Sources */ = {
			isa = PBXSourcesBuildPhase;
			buildActionMask = 2147483647;
			files = (
				59097FE02F0C50DA004E39AE /* Features in Sources */,
			);
			runOnlyForDeploymentPostprocessing = 0;
		};
/* End PBXSourcesBuildPhase section */

/* Begin PBXTargetDependency section */
		5966249E2F0C47EB000B3FDC /* PBXTargetDependency */ = {
			isa = PBXTargetDependency;
			target = 5966248A2F0C47EA000B3FDC /* worker */;
			targetProxy = 5966249D2F0C47EB000B3FDC /* PBXContainerItemProxy */;
		};
		596624A82F0C47EB000B3FDC /* PBXTargetDependency */ = {
			isa = PBXTargetDependency;
			target = 5966248A2F0C47EA000B3FDC /* worker */;
			targetProxy = 596624A72F0C47EB000B3FDC /* PBXContainerItemProxy */;
		};
/* End PBXTargetDependency section */

/* Begin XCBuildConfiguration section */
		596624B02F0C47EB000B3FDC /* Debug */ = {
			isa = XCBuildConfiguration;
			baseConfigurationReference = 4404AACD4061D4B7FA75D7EC /* Pods-worker.debug.xcconfig */;
			buildSettings = {
				ASSETCATALOG_COMPILER_APPICON_NAME = AppIcon;
				ASSETCATALOG_COMPILER_GLOBAL_ACCENT_COLOR_NAME = AccentColor;
				CODE_SIGN_ENTITLEMENTS = worker/worker.entitlements;
				CODE_SIGN_STYLE = Automatic;
				CURRENT_PROJECT_VERSION = 1;
				DEVELOPMENT_TEAM = A22X7HR8RY;
				ENABLE_PREVIEWS = YES;
				GENERATE_INFOPLIST_FILE = YES;
				INFOPLIST_FILE = worker/Info.plist;
				INFOPLIST_KEY_UIApplicationSceneManifest_Generation = YES;
				INFOPLIST_KEY_UIApplicationSupportsIndirectInputEvents = YES;
				INFOPLIST_KEY_UILaunchScreen_Generation = YES;
				INFOPLIST_KEY_UISupportedInterfaceOrientations_iPad = "UIInterfaceOrientationPortrait UIInterfaceOrientationPortraitUpsideDown UIInterfaceOrientationLandscapeLeft UIInterfaceOrientationLandscapeRight";
				INFOPLIST_KEY_UISupportedInterfaceOrientations_iPhone = "UIInterfaceOrientationPortrait UIInterfaceOrientationLandscapeLeft UIInterfaceOrientationLandscapeRight";
				LD_RUNPATH_SEARCH_PATHS = (
					"$(inherited)",
					"@executable_path/Frameworks",
				);
				MARKETING_VERSION = 1.0;
				PRODUCT_BUNDLE_IDENTIFIER = hu.matusz.szakdologozat.worker;
				PRODUCT_NAME = "$(TARGET_NAME)";
				STRING_CATALOG_GENERATE_SYMBOLS = YES;
				SWIFT_APPROACHABLE_CONCURRENCY = YES;
				SWIFT_DEFAULT_ACTOR_ISOLATION = MainActor;
				SWIFT_EMIT_LOC_STRINGS = YES;
				SWIFT_UPCOMING_FEATURE_MEMBER_IMPORT_VISIBILITY = YES;
				SWIFT_VERSION = 5.0;
				TARGETED_DEVICE_FAMILY = "1,2";
			};
			name = Debug;
		};
		596624B12F0C47EB000B3FDC /* Release */ = {
			isa = XCBuildConfiguration;
			baseConfigurationReference = 9C2F597A092D3C073960A997 /* Pods-worker.release.xcconfig */;
			buildSettings = {
				ASSETCATALOG_COMPILER_APPICON_NAME = AppIcon;
				ASSETCATALOG_COMPILER_GLOBAL_ACCENT_COLOR_NAME = AccentColor;
				CODE_SIGN_ENTITLEMENTS = worker/worker.entitlements;
				CODE_SIGN_STYLE = Automatic;
				CURRENT_PROJECT_VERSION = 1;
				DEVELOPMENT_TEAM = A22X7HR8RY;
				ENABLE_PREVIEWS = YES;
				GENERATE_INFOPLIST_FILE = YES;
				INFOPLIST_FILE = worker/Info.plist;
				INFOPLIST_KEY_UIApplicationSceneManifest_Generation = YES;
				INFOPLIST_KEY_UIApplicationSupportsIndirectInputEvents = YES;
				INFOPLIST_KEY_UILaunchScreen_Generation = YES;
				INFOPLIST_KEY_UISupportedInterfaceOrientations_iPad = "UIInterfaceOrientationPortrait UIInterfaceOrientationPortraitUpsideDown UIInterfaceOrientationLandscapeLeft UIInterfaceOrientationLandscapeRight";
				INFOPLIST_KEY_UISupportedInterfaceOrientations_iPhone = "UIInterfaceOrientationPortrait UIInterfaceOrientationLandscapeLeft UIInterfaceOrientationLandscapeRight";
				LD_RUNPATH_SEARCH_PATHS = (
					"$(inherited)",
					"@executable_path/Frameworks",
				);
				MARKETING_VERSION = 1.0;
				PRODUCT_BUNDLE_IDENTIFIER = hu.matusz.szakdologozat.worker;
				PRODUCT_NAME = "$(TARGET_NAME)";
				STRING_CATALOG_GENERATE_SYMBOLS = YES;
				SWIFT_APPROACHABLE_CONCURRENCY = YES;
				SWIFT_DEFAULT_ACTOR_ISOLATION = MainActor;
				SWIFT_EMIT_LOC_STRINGS = YES;
				SWIFT_UPCOMING_FEATURE_MEMBER_IMPORT_VISIBILITY = YES;
				SWIFT_VERSION = 5.0;
				TARGETED_DEVICE_FAMILY = "1,2";
			};
			name = Release;
		};
		596624B22F0C47EB000B3FDC /* Debug */ = {
			isa = XCBuildConfiguration;
			buildSettings = {
				ALWAYS_SEARCH_USER_PATHS = NO;
				ASSETCATALOG_COMPILER_GENERATE_SWIFT_ASSET_SYMBOL_EXTENSIONS = YES;
				CLANG_ANALYZER_NONNULL = YES;
				CLANG_ANALYZER_NUMBER_OBJECT_CONVERSION = YES_AGGRESSIVE;
				CLANG_CXX_LANGUAGE_STANDARD = "gnu++20";
				CLANG_ENABLE_MODULES = YES;
				CLANG_ENABLE_OBJC_ARC = YES;
				CLANG_ENABLE_OBJC_WEAK = YES;
				CLANG_WARN_BLOCK_CAPTURE_AUTORELEASING = YES;
				CLANG_WARN_BOOL_CONVERSION = YES;
				CLANG_WARN_COMMA = YES;
				CLANG_WARN_CONSTANT_CONVERSION = YES;
				CLANG_WARN_DEPRECATED_OBJC_IMPLEMENTATIONS = YES;
				CLANG_WARN_DIRECT_OBJC_ISA_USAGE = YES_ERROR;
				CLANG_WARN_DOCUMENTATION_COMMENTS = YES;
				CLANG_WARN_EMPTY_BODY = YES;
				CLANG_WARN_ENUM_CONVERSION = YES;
				CLANG_WARN_INFINITE_RECURSION = YES;
				CLANG_WARN_INT_CONVERSION = YES;
				CLANG_WARN_NON_LITERAL_NULL_CONVERSION = YES;
				CLANG_WARN_OBJC_IMPLICIT_RETAIN_SELF = YES;
				CLANG_WARN_OBJC_LITERAL_CONVERSION = YES;
				CLANG_WARN_OBJC_ROOT_CLASS = YES_ERROR;
				CLANG_WARN_QUOTED_INCLUDE_IN_FRAMEWORK_HEADER = YES;
				CLANG_WARN_RANGE_LOOP_ANALYSIS = YES;
				CLANG_WARN_STRICT_PROTOTYPES = YES;
				CLANG_WARN_SUSPICIOUS_MOVE = YES;
				CLANG_WARN_UNGUARDED_AVAILABILITY = YES_AGGRESSIVE;
				CLANG_WARN_UNREACHABLE_CODE = YES;
				CLANG_WARN__DUPLICATE_METHOD_MATCH = YES;
				COPY_PHASE_STRIP = NO;
				DEBUG_INFORMATION_FORMAT = dwarf;
				DEVELOPMENT_TEAM = A22X7HR8RY;
				ENABLE_STRICT_OBJC_MSGSEND = YES;
				ENABLE_TESTABILITY = YES;
				ENABLE_USER_SCRIPT_SANDBOXING = YES;
				GCC_C_LANGUAGE_STANDARD = gnu17;
				GCC_DYNAMIC_NO_PIC = NO;
				GCC_NO_COMMON_BLOCKS = YES;
				GCC_OPTIMIZATION_LEVEL = 0;
				GCC_PREPROCESSOR_DEFINITIONS = (
					"DEBUG=1",
					"$(inherited)",
				);
				GCC_WARN_64_TO_32_BIT_CONVERSION = YES;
				GCC_WARN_ABOUT_RETURN_TYPE = YES_ERROR;
				GCC_WARN_UNDECLARED_SELECTOR = YES;
				GCC_WARN_UNINITIALIZED_AUTOS = YES_AGGRESSIVE;
				GCC_WARN_UNUSED_FUNCTION = YES;
				GCC_WARN_UNUSED_VARIABLE = YES;
				IPHONEOS_DEPLOYMENT_TARGET = 26.2;
				LOCALIZATION_PREFERS_STRING_CATALOGS = YES;
				MTL_ENABLE_DEBUG_INFO = INCLUDE_SOURCE;
				MTL_FAST_MATH = YES;
				ONLY_ACTIVE_ARCH = YES;
				SDKROOT = iphoneos;
				SWIFT_ACTIVE_COMPILATION_CONDITIONS = "DEBUG $(inherited)";
				SWIFT_OPTIMIZATION_LEVEL = "-Onone";
			};
			name = Debug;
		};
		596624B32F0C47EB000B3FDC /* Release */ = {
			isa = XCBuildConfiguration;
			buildSettings = {
				ALWAYS_SEARCH_USER_PATHS = NO;
				ASSETCATALOG_COMPILER_GENERATE_SWIFT_ASSET_SYMBOL_EXTENSIONS = YES;
				CLANG_ANALYZER_NONNULL = YES;
				CLANG_ANALYZER_NUMBER_OBJECT_CONVERSION = YES_AGGRESSIVE;
				CLANG_CXX_LANGUAGE_STANDARD = "gnu++20";
				CLANG_ENABLE_MODULES = YES;
				CLANG_ENABLE_OBJC_ARC = YES;
				CLANG_ENABLE_OBJC_WEAK = YES;
				CLANG_WARN_BLOCK_CAPTURE_AUTORELEASING = YES;
				CLANG_WARN_BOOL_CONVERSION = YES;
				CLANG_WARN_COMMA = YES;
				CLANG_WARN_CONSTANT_CONVERSION = YES;
				CLANG_WARN_DEPRECATED_OBJC_IMPLEMENTATIONS = YES;
				CLANG_WARN_DIRECT_OBJC_ISA_USAGE = YES_ERROR;
				CLANG_WARN_DOCUMENTATION_COMMENTS = YES;
				CLANG_WARN_EMPTY_BODY = YES;
				CLANG_WARN_ENUM_CONVERSION = YES;
				CLANG_WARN_INFINITE_RECURSION = YES;
				CLANG_WARN_INT_CONVERSION = YES;
				CLANG_WARN_NON_LITERAL_NULL_CONVERSION = YES;
				CLANG_WARN_OBJC_IMPLICIT_RETAIN_SELF = YES;
				CLANG_WARN_OBJC_LITERAL_CONVERSION = YES;
				CLANG_WARN_OBJC_ROOT_CLASS = YES_ERROR;
				CLANG_WARN_QUOTED_INCLUDE_IN_FRAMEWORK_HEADER = YES;
				CLANG_WARN_RANGE_LOOP_ANALYSIS = YES;
				CLANG_WARN_STRICT_PROTOTYPES = YES;
				CLANG_WARN_SUSPICIOUS_MOVE = YES;
				CLANG_WARN_UNGUARDED_AVAILABILITY = YES_AGGRESSIVE;
				CLANG_WARN_UNREACHABLE_CODE = YES;
				CLANG_WARN__DUPLICATE_METHOD_MATCH = YES;
				COPY_PHASE_STRIP = NO;
				DEBUG_INFORMATION_FORMAT = "dwarf-with-dsym";
				DEVELOPMENT_TEAM = A22X7HR8RY;
				ENABLE_NS_ASSERTIONS = NO;
				ENABLE_STRICT_OBJC_MSGSEND = YES;
				ENABLE_USER_SCRIPT_SANDBOXING = YES;
				GCC_C_LANGUAGE_STANDARD = gnu17;
				GCC_NO_COMMON_BLOCKS = YES;
				GCC_WARN_64_TO_32_BIT_CONVERSION = YES;
				GCC_WARN_ABOUT_RETURN_TYPE = YES_ERROR;
				GCC_WARN_UNDECLARED_SELECTOR = YES;
				GCC_WARN_UNINITIALIZED_AUTOS = YES_AGGRESSIVE;
				GCC_WARN_UNUSED_FUNCTION = YES;
				GCC_WARN_UNUSED_VARIABLE = YES;
				IPHONEOS_DEPLOYMENT_TARGET = 26.2;
				LOCALIZATION_PREFERS_STRING_CATALOGS = YES;
				MTL_ENABLE_DEBUG_INFO = NO;
				MTL_FAST_MATH = YES;
				SDKROOT = iphoneos;
				SWIFT_COMPILATION_MODE = wholemodule;
				VALIDATE_PRODUCT = YES;
			};
			name = Release;
		};
		596624B52F0C47EB000B3FDC /* Debug */ = {
			isa = XCBuildConfiguration;
			baseConfigurationReference = F79E9EB41AAE9AAD50719C6E /* Pods-workerTests.debug.xcconfig */;
			buildSettings = {
				BUNDLE_LOADER = "$(TEST_HOST)";
				CODE_SIGN_STYLE = Automatic;
				CURRENT_PROJECT_VERSION = 1;
				DEFINES_MODULE = YES;
				DEVELOPMENT_TEAM = A22X7HR8RY;
				GENERATE_INFOPLIST_FILE = YES;
				IPHONEOS_DEPLOYMENT_TARGET = 26.2;
				MARKETING_VERSION = 1.0;
				PRODUCT_BUNDLE_IDENTIFIER = hu.matusz.szakdologozat.workerTests;
				PRODUCT_NAME = "$(TARGET_NAME)";
				STRING_CATALOG_GENERATE_SYMBOLS = NO;
				SWIFT_APPROACHABLE_CONCURRENCY = YES;
				SWIFT_EMIT_LOC_STRINGS = NO;
				SWIFT_UPCOMING_FEATURE_MEMBER_IMPORT_VISIBILITY = YES;
				SWIFT_VERSION = 5.0;
				TARGETED_DEVICE_FAMILY = "1,2";
				TEST_HOST = "$(BUILT_PRODUCTS_DIR)/worker.app/$(BUNDLE_EXECUTABLE_FOLDER_PATH)/worker";
			};
			name = Debug;
		};
		596624B62F0C47EB000B3FDC /* Release */ = {
			isa = XCBuildConfiguration;
			baseConfigurationReference = 479DBD5F6E598DEBE4E93420 /* Pods-workerTests.release.xcconfig */;
			buildSettings = {
				BUNDLE_LOADER = "$(TEST_HOST)";
				CODE_SIGN_STYLE = Automatic;
				CURRENT_PROJECT_VERSION = 1;
				DEFINES_MODULE = YES;
				DEVELOPMENT_TEAM = A22X7HR8RY;
				GENERATE_INFOPLIST_FILE = YES;
				IPHONEOS_DEPLOYMENT_TARGET = 26.2;
				MARKETING_VERSION = 1.0;
				PRODUCT_BUNDLE_IDENTIFIER = hu.matusz.szakdologozat.workerTests;
				PRODUCT_NAME = "$(TARGET_NAME)";
				STRING_CATALOG_GENERATE_SYMBOLS = NO;
				SWIFT_APPROACHABLE_CONCURRENCY = YES;
				SWIFT_EMIT_LOC_STRINGS = NO;
				SWIFT_UPCOMING_FEATURE_MEMBER_IMPORT_VISIBILITY = YES;
				SWIFT_VERSION = 5.0;
				TARGETED_DEVICE_FAMILY = "1,2";
				TEST_HOST = "$(BUILT_PRODUCTS_DIR)/worker.app/$(BUNDLE_EXECUTABLE_FOLDER_PATH)/worker";
			};
			name = Release;
		};
		596624B82F0C47EB000B3FDC /* Debug */ = {
			isa = XCBuildConfiguration;
			baseConfigurationReference = 98411BA69032310C646890A5 /* Pods-worker-workerUITests.debug.xcconfig */;
			buildSettings = {
				CLANG_ENABLE_MODULES = YES;
				CODE_SIGN_STYLE = Automatic;
				CURRENT_PROJECT_VERSION = 1;
				DEFINES_MODULE = YES;
				DEVELOPMENT_TEAM = A22X7HR8RY;
				GENERATE_INFOPLIST_FILE = YES;
				MARKETING_VERSION = 1.0;
				PRODUCT_BUNDLE_IDENTIFIER = hu.matusz.szakdologozat.workerUITests;
				PRODUCT_NAME = "$(TARGET_NAME)";
				STRING_CATALOG_GENERATE_SYMBOLS = NO;
				SWIFT_APPROACHABLE_CONCURRENCY = YES;
				SWIFT_EMIT_LOC_STRINGS = NO;
				SWIFT_OBJC_BRIDGING_HEADER = "workerUITests/workerUITests-Bridging-Header.h";
				SWIFT_OPTIMIZATION_LEVEL = "-Onone";
				SWIFT_UPCOMING_FEATURE_MEMBER_IMPORT_VISIBILITY = YES;
				SWIFT_VERSION = 5.0;
				TARGETED_DEVICE_FAMILY = "1,2";
				TEST_TARGET_NAME = worker;
			};
			name = Debug;
		};
		596624B92F0C47EB000B3FDC /* Release */ = {
			isa = XCBuildConfiguration;
			baseConfigurationReference = 1ADAB04A3FFAC97BE85231DA /* Pods-worker-workerUITests.release.xcconfig */;
			buildSettings = {
				CLANG_ENABLE_MODULES = YES;
				CODE_SIGN_STYLE = Automatic;
				CURRENT_PROJECT_VERSION = 1;
				DEFINES_MODULE = YES;
				DEVELOPMENT_TEAM = A22X7HR8RY;
				GENERATE_INFOPLIST_FILE = YES;
				MARKETING_VERSION = 1.0;
				PRODUCT_BUNDLE_IDENTIFIER = hu.matusz.szakdologozat.workerUITests;
				PRODUCT_NAME = "$(TARGET_NAME)";
				STRING_CATALOG_GENERATE_SYMBOLS = NO;
				SWIFT_APPROACHABLE_CONCURRENCY = YES;
				SWIFT_EMIT_LOC_STRINGS = NO;
				SWIFT_OBJC_BRIDGING_HEADER = "workerUITests/workerUITests-Bridging-Header.h";
				SWIFT_UPCOMING_FEATURE_MEMBER_IMPORT_VISIBILITY = YES;
				SWIFT_VERSION = 5.0;
				TARGETED_DEVICE_FAMILY = "1,2";
				TEST_TARGET_NAME = worker;
			};
			name = Release;
		};
/* End XCBuildConfiguration section */

/* Begin XCConfigurationList section */
		596624862F0C47EA000B3FDC /* Build configuration list for PBXProject "worker" */ = {
			isa = XCConfigurationList;
			buildConfigurations = (
				596624B22F0C47EB000B3FDC /* Debug */,
				596624B32F0C47EB000B3FDC /* Release */,
			);
			defaultConfigurationIsVisible = 0;
			defaultConfigurationName = Release;
		};
		596624AF2F0C47EB000B3FDC /* Build configuration list for PBXNativeTarget "worker" */ = {
			isa = XCConfigurationList;
			buildConfigurations = (
				596624B02F0C47EB000B3FDC /* Debug */,
				596624B12F0C47EB000B3FDC /* Release */,
			);
			defaultConfigurationIsVisible = 0;
			defaultConfigurationName = Release;
		};
		596624B42F0C47EB000B3FDC /* Build configuration list for PBXNativeTarget "workerTests" */ = {
			isa = XCConfigurationList;
			buildConfigurations = (
				596624B52F0C47EB000B3FDC /* Debug */,
				596624B62F0C47EB000B3FDC /* Release */,
			);
			defaultConfigurationIsVisible = 0;
			defaultConfigurationName = Release;
		};
		596624B72F0C47EB000B3FDC /* Build configuration list for PBXNativeTarget "workerUITests" */ = {
			isa = XCConfigurationList;
			buildConfigurations = (
				596624B82F0C47EB000B3FDC /* Debug */,
				596624B92F0C47EB000B3FDC /* Release */,
			);
			defaultConfigurationIsVisible = 0;
			defaultConfigurationName = Release;
		};
/* End XCConfigurationList section */
	};
	rootObject = 596624832F0C47EA000B3FDC /* Project object */;
}
