// !$*UTF8*$!
{
	archiveVersion = 1;
	classes = {
	};
	objectVersion = 77;
	objects = {

/* Begin PBXBuildFile section */
		18D4FA14A98290B52F697D59 /* Pods_workerTests.framework in Frameworks */ = {isa = PBXBuildFile; fileRef = 3385483EDB63A4475730E459 /* Pods_workerTests.framework */; };
		6C7CD76B9C56CC91464BA74B /* Pods_worker_workerUITests.framework in Frameworks */ = {isa = PBXBuildFile; fileRef = FA08F61734EC0344BC25D34D /* Pods_worker_workerUITests.framework */; };
		CE48D4A481F3B31D12485227 /* Pods_worker.framework in Frameworks */ = {isa = PBXBuildFile; fileRef = 7312E6100F4875FA70D0340A /* Pods_worker.framework */; };
/* End PBXBuildFile section */

/* Begin PBXContainerItemProxy section */
		5944BE0E2EF4917A00C502B7 /* PBXContainerItemProxy */ = {
			isa = PBXContainerItemProxy;
			containerPortal = 5944BDF42EF4917900C502B7 /* Project object */;
			proxyType = 1;
			remoteGlobalIDString = 5944BDFB2EF4917900C502B7;
			remoteInfo = worker;
		};
		5944BE182EF4917A00C502B7 /* PBXContainerItemProxy */ = {
			isa = PBXContainerItemProxy;
			containerPortal = 5944BDF42EF4917900C502B7 /* Project object */;
			proxyType = 1;
			remoteGlobalIDString = 5944BDFB2EF4917900C502B7;
			remoteInfo = worker;
		};
/* End PBXContainerItemProxy section */

/* Begin PBXFileReference section */
		3385483EDB63A4475730E459 /* Pods_workerTests.framework */ = {isa = PBXFileReference; explicitFileType = wrapper.framework; includeInIndex = 0; path = Pods_workerTests.framework; sourceTree = BUILT_PRODUCTS_DIR; };
		4D3000DAE80AAF08008EB212 /* Pods-worker.debug.xcconfig */ = {isa = PBXFileReference; includeInIndex = 1; lastKnownFileType = text.xcconfig; name = "Pods-worker.debug.xcconfig"; path = "Target Support Files/Pods-worker/Pods-worker.debug.xcconfig"; sourceTree = "<group>"; };
		5944BDFC2EF4917900C502B7 /* worker.app */ = {isa = PBXFileReference; explicitFileType = wrapper.application; includeInIndex = 0; path = worker.app; sourceTree = BUILT_PRODUCTS_DIR; };
		5944BE0D2EF4917A00C502B7 /* workerTests.xctest */ = {isa = PBXFileReference; explicitFileType = wrapper.cfbundle; includeInIndex = 0; path = workerTests.xctest; sourceTree = BUILT_PRODUCTS_DIR; };
		5944BE172EF4917A00C502B7 /* workerUITests.xctest */ = {isa = PBXFileReference; explicitFileType = wrapper.cfbundle; includeInIndex = 0; path = workerUITests.xctest; sourceTree = BUILT_PRODUCTS_DIR; };
		7312E6100F4875FA70D0340A /* Pods_worker.framework */ = {isa = PBXFileReference; explicitFileType = wrapper.framework; includeInIndex = 0; path = Pods_worker.framework; sourceTree = BUILT_PRODUCTS_DIR; };
		B3B94C930F55EC7662438A8C /* Pods-workerTests.debug.xcconfig */ = {isa = PBXFileReference; includeInIndex = 1; lastKnownFileType = text.xcconfig; name = "Pods-workerTests.debug.xcconfig"; path = "Target Support Files/Pods-workerTests/Pods-workerTests.debug.xcconfig"; sourceTree = "<group>"; };
		C254806EBBFEDA788B57E550 /* Pods-worker.release.xcconfig */ = {isa = PBXFileReference; includeInIndex = 1; lastKnownFileType = text.xcconfig; name = "Pods-worker.release.xcconfig"; path = "Target Support Files/Pods-worker/Pods-worker.release.xcconfig"; sourceTree = "<group>"; };
		C86B3EA4C3C7F809093D1AC0 /* Pods-workerTests.release.xcconfig */ = {isa = PBXFileReference; includeInIndex = 1; lastKnownFileType = text.xcconfig; name = "Pods-workerTests.release.xcconfig"; path = "Target Support Files/Pods-workerTests/Pods-workerTests.release.xcconfig"; sourceTree = "<group>"; };
		DF43D8B0B88998FCB819665F /* Pods-worker-workerUITests.release.xcconfig */ = {isa = PBXFileReference; includeInIndex = 1; lastKnownFileType = text.xcconfig; name = "Pods-worker-workerUITests.release.xcconfig"; path = "Target Support Files/Pods-worker-workerUITests/Pods-worker-workerUITests.release.xcconfig"; sourceTree = "<group>"; };
		FA08F61734EC0344BC25D34D /* Pods_worker_workerUITests.framework */ = {isa = PBXFileReference; explicitFileType = wrapper.framework; includeInIndex = 0; path = Pods_worker_workerUITests.framework; sourceTree = BUILT_PRODUCTS_DIR; };
		FC8B5B73774556504165B669 /* Pods-worker-workerUITests.debug.xcconfig */ = {isa = PBXFileReference; includeInIndex = 1; lastKnownFileType = text.xcconfig; name = "Pods-worker-workerUITests.debug.xcconfig"; path = "Target Support Files/Pods-worker-workerUITests/Pods-worker-workerUITests.debug.xcconfig"; sourceTree = "<group>"; };
/* End PBXFileReference section */

/* Begin PBXFileSystemSynchronizedBuildFileExceptionSet section */
		5944BE1F2EF4917A00C502B7 /* Exceptions for "worker" folder in "worker" target */ = {
			isa = PBXFileSystemSynchronizedBuildFileExceptionSet;
			membershipExceptions = (
				Info.plist,
			);
			target = 5944BDFB2EF4917900C502B7 /* worker */;
		};
/* End PBXFileSystemSynchronizedBuildFileExceptionSet section */

/* Begin PBXFileSystemSynchronizedRootGroup section */
		5944BDFE2EF4917900C502B7 /* worker */ = {
			isa = PBXFileSystemSynchronizedRootGroup;
			exceptions = (
				5944BE1F2EF4917A00C502B7 /* Exceptions for "worker" folder in "worker" target */,
			);
			path = worker;
			sourceTree = "<group>";
		};
		5944BE102EF4917A00C502B7 /* workerTests */ = {
			isa = PBXFileSystemSynchronizedRootGroup;
			path = workerTests;
			sourceTree = "<group>";
		};
		5944BE1A2EF4917A00C502B7 /* workerUITests */ = {
			isa = PBXFileSystemSynchronizedRootGroup;
			path = workerUITests;
			sourceTree = "<group>";
		};
/* End PBXFileSystemSynchronizedRootGroup section */

/* Begin PBXFrameworksBuildPhase section */
		5944BDF92EF4917900C502B7 /* Frameworks */ = {
			isa = PBXFrameworksBuildPhase;
			buildActionMask = 2147483647;
			files = (
				CE48D4A481F3B31D12485227 /* Pods_worker.framework in Frameworks */,
			);
			runOnlyForDeploymentPostprocessing = 0;
		};
		5944BE0A2EF4917A00C502B7 /* Frameworks */ = {
			isa = PBXFrameworksBuildPhase;
			buildActionMask = 2147483647;
			files = (
				18D4FA14A98290B52F697D59 /* Pods_workerTests.framework in Frameworks */,
			);
			runOnlyForDeploymentPostprocessing = 0;
		};
		5944BE142EF4917A00C502B7 /* Frameworks */ = {
			isa = PBXFrameworksBuildPhase;
			buildActionMask = 2147483647;
			files = (
				6C7CD76B9C56CC91464BA74B /* Pods_worker_workerUITests.framework in Frameworks */,
			);
			runOnlyForDeploymentPostprocessing = 0;
		};
/* End PBXFrameworksBuildPhase section */

/* Begin PBXGroup section */
		1A910C74330A8A10CF7E686E /* Pods */ = {
			isa = PBXGroup;
			children = (
				4D3000DAE80AAF08008EB212 /* Pods-worker.debug.xcconfig */,
				C254806EBBFEDA788B57E550 /* Pods-worker.release.xcconfig */,
				FC8B5B73774556504165B669 /* Pods-worker-workerUITests.debug.xcconfig */,
				DF43D8B0B88998FCB819665F /* Pods-worker-workerUITests.release.xcconfig */,
				B3B94C930F55EC7662438A8C /* Pods-workerTests.debug.xcconfig */,
				C86B3EA4C3C7F809093D1AC0 /* Pods-workerTests.release.xcconfig */,
			);
			path = Pods;
			sourceTree = "<group>";
		};
		5944BDF32EF4917900C502B7 = {
			isa = PBXGroup;
			children = (
				5944BDFE2EF4917900C502B7 /* worker */,
				5944BE102EF4917A00C502B7 /* workerTests */,
				5944BE1A2EF4917A00C502B7 /* workerUITests */,
				5944BDFD2EF4917900C502B7 /* Products */,
				1A910C74330A8A10CF7E686E /* Pods */,
				A3EEC687230F6DF5CA04F017 /* Frameworks */,
			);
			sourceTree = "<group>";
		};
		5944BDFD2EF4917900C502B7 /* Products */ = {
			isa = PBXGroup;
			children = (
				5944BDFC2EF4917900C502B7 /* worker.app */,
				5944BE0D2EF4917A00C502B7 /* workerTests.xctest */,
				5944BE172EF4917A00C502B7 /* workerUITests.xctest */,
			);
			name = Products;
			sourceTree = "<group>";
		};
		A3EEC687230F6DF5CA04F017 /* Frameworks */ = {
			isa = PBXGroup;
			children = (
				7312E6100F4875FA70D0340A /* Pods_worker.framework */,
				FA08F61734EC0344BC25D34D /* Pods_worker_workerUITests.framework */,
				3385483EDB63A4475730E459 /* Pods_workerTests.framework */,
			);
			name = Frameworks;
			sourceTree = "<group>";
		};
/* End PBXGroup section */

/* Begin PBXNativeTarget section */
		5944BDFB2EF4917900C502B7 /* worker */ = {
			isa = PBXNativeTarget;
			buildConfigurationList = 5944BE202EF4917A00C502B7 /* Build configuration list for PBXNativeTarget "worker" */;
			buildPhases = (
				EE70BF1035503E1FF698D767 /* [CP] Check Pods Manifest.lock */,
				5944BDF82EF4917900C502B7 /* Sources */,
				5944BDF92EF4917900C502B7 /* Frameworks */,
				5944BDFA2EF4917900C502B7 /* Resources */,
			);
			buildRules = (
			);
			dependencies = (
			);
			fileSystemSynchronizedGroups = (
				5944BDFE2EF4917900C502B7 /* worker */,
			);
			name = worker;
			productName = worker;
			productReference = 5944BDFC2EF4917900C502B7 /* worker.app */;
			productType = "com.apple.product-type.application";
		};
		5944BE0C2EF4917A00C502B7 /* workerTests */ = {
			isa = PBXNativeTarget;
			buildConfigurationList = 5944BE252EF4917A00C502B7 /* Build configuration list for PBXNativeTarget "workerTests" */;
			buildPhases = (
				6C8233452A9DAF3EBDDCC031 /* [CP] Check Pods Manifest.lock */,
				5944BE092EF4917A00C502B7 /* Sources */,
				5944BE0A2EF4917A00C502B7 /* Frameworks */,
				5944BE0B2EF4917A00C502B7 /* Resources */,
			);
			buildRules = (
			);
			dependencies = (
				5944BE0F2EF4917A00C502B7 /* PBXTargetDependency */,
			);
			fileSystemSynchronizedGroups = (
				5944BE102EF4917A00C502B7 /* workerTests */,
			);
			name = workerTests;
			productName = workerTests;
			productReference = 5944BE0D2EF4917A00C502B7 /* workerTests.xctest */;
			productType = "com.apple.product-type.bundle.unit-test";
		};
		5944BE162EF4917A00C502B7 /* workerUITests */ = {
			isa = PBXNativeTarget;
			buildConfigurationList = 5944BE282EF4917A00C502B7 /* Build configuration list for PBXNativeTarget "workerUITests" */;
			buildPhases = (
				D71761C1493E4E758157F561 /* [CP] Check Pods Manifest.lock */,
				5944BE132EF4917A00C502B7 /* Sources */,
				5944BE142EF4917A00C502B7 /* Frameworks */,
				5944BE152EF4917A00C502B7 /* Resources */,
				E885F01FF8C961E74CA39237 /* [CP] Embed Pods Frameworks */,
			);
			buildRules = (
			);
			dependencies = (
				5944BE192EF4917A00C502B7 /* PBXTargetDependency */,
			);
			fileSystemSynchronizedGroups = (
				5944BE1A2EF4917A00C502B7 /* workerUITests */,
			);
			name = workerUITests;
			productName = workerUITests;
			productReference = 5944BE172EF4917A00C502B7 /* workerUITests.xctest */;
			productType = "com.apple.product-type.bundle.ui-testing";
		};
/* End PBXNativeTarget section */

/* Begin PBXProject section */
		5944BDF42EF4917900C502B7 /* Project object */ = {
			isa = PBXProject;
			attributes = {
				BuildIndependentTargetsInParallel = 1;
				LastSwiftUpdateCheck = 2620;
				LastUpgradeCheck = 2620;
				TargetAttributes = {
					5944BDFB2EF4917900C502B7 = {
						CreatedOnToolsVersion = 26.2;
					};
					5944BE0C2EF4917A00C502B7 = {
						CreatedOnToolsVersion = 26.2;
						TestTargetID = 5944BDFB2EF4917900C502B7;
					};
					5944BE162EF4917A00C502B7 = {
						CreatedOnToolsVersion = 26.2;
						LastSwiftMigration = 2620;
						TestTargetID = 5944BDFB2EF4917900C502B7;
					};
				};
			};
			buildConfigurationList = 5944BDF72EF4917900C502B7 /* Build configuration list for PBXProject "worker" */;
			developmentRegion = en;
			hasScannedForEncodings = 0;
			knownRegions = (
				en,
				Base,
			);
			mainGroup = 5944BDF32EF4917900C502B7;
			minimizedProjectReferenceProxies = 1;
			preferredProjectObjectVersion = 77;
			productRefGroup = 5944BDFD2EF4917900C502B7 /* Products */;
			projectDirPath = "";
			projectRoot = "";
			targets = (
				5944BDFB2EF4917900C502B7 /* worker */,
				5944BE0C2EF4917A00C502B7 /* workerTests */,
				5944BE162EF4917A00C502B7 /* workerUITests */,
			);
		};
/* End PBXProject section */

/* Begin PBXResourcesBuildPhase section */
		5944BDFA2EF4917900C502B7 /* Resources */ = {
			isa = PBXResourcesBuildPhase;
			buildActionMask = 2147483647;
			files = (
			);
			runOnlyForDeploymentPostprocessing = 0;
		};
		5944BE0B2EF4917A00C502B7 /* Resources */ = {
			isa = PBXResourcesBuildPhase;
			buildActionMask = 2147483647;
			files = (
			);
			runOnlyForDeploymentPostprocessing = 0;
		};
		5944BE152EF4917A00C502B7 /* Resources */ = {
			isa = PBXResourcesBuildPhase;
			buildActionMask = 2147483647;
			files = (
			);
			runOnlyForDeploymentPostprocessing = 0;
		};
/* End PBXResourcesBuildPhase section */

/* Begin PBXShellScriptBuildPhase section */
		6C8233452A9DAF3EBDDCC031 /* [CP] Check Pods Manifest.lock */ = {
			isa = PBXShellScriptBuildPhase;
			buildActionMask = 2147483647;
			files = (
			);
			inputFileListPaths = (
			);
			inputPaths = (
				"${PODS_PODFILE_DIR_PATH}/Podfile.lock",
				"${PODS_ROOT}/Manifest.lock",
			);
			name = "[CP] Check Pods Manifest.lock";
			outputFileListPaths = (
			);
			outputPaths = (
				"$(DERIVED_FILE_DIR)/Pods-workerTests-checkManifestLockResult.txt",
			);
			runOnlyForDeploymentPostprocessing = 0;
			shellPath = /bin/sh;
			shellScript = "diff \"${PODS_PODFILE_DIR_PATH}/Podfile.lock\" \"${PODS_ROOT}/Manifest.lock\" > /dev/null\nif [ $? != 0 ] ; then\n    # print error to STDERR\n    echo \"error: The sandbox is not in sync with the Podfile.lock. Run 'pod install' or update your CocoaPods installation.\" >&2\n    exit 1\nfi\n# This output is used by Xcode 'outputs' to avoid re-running this script phase.\necho \"SUCCESS\" > \"${SCRIPT_OUTPUT_FILE_0}\"\n";
			showEnvVarsInLog = 0;
		};
		D71761C1493E4E758157F561 /* [CP] Check Pods Manifest.lock */ = {
			isa = PBXShellScriptBuildPhase;
			buildActionMask = 2147483647;
			files = (
			);
			inputFileListPaths = (
			);
			inputPaths = (
				"${PODS_PODFILE_DIR_PATH}/Podfile.lock",
				"${PODS_ROOT}/Manifest.lock",
			);
			name = "[CP] Check Pods Manifest.lock";
			outputFileListPaths = (
			);
			outputPaths = (
				"$(DERIVED_FILE_DIR)/Pods-worker-workerUITests-checkManifestLockResult.txt",
			);
			runOnlyForDeploymentPostprocessing = 0;
			shellPath = /bin/sh;
			shellScript = "diff \"${PODS_PODFILE_DIR_PATH}/Podfile.lock\" \"${PODS_ROOT}/Manifest.lock\" > /dev/null\nif [ $? != 0 ] ; then\n    # print error to STDERR\n    echo \"error: The sandbox is not in sync with the Podfile.lock. Run 'pod install' or update your CocoaPods installation.\" >&2\n    exit 1\nfi\n# This output is used by Xcode 'outputs' to avoid re-running this script phase.\necho \"SUCCESS\" > \"${SCRIPT_OUTPUT_FILE_0}\"\n";
			showEnvVarsInLog = 0;
		};
		E885F01FF8C961E74CA39237 /* [CP] Embed Pods Frameworks */ = {
			isa = PBXShellScriptBuildPhase;
			buildActionMask = 2147483647;
			files = (
			);
			inputFileListPaths = (
				"${PODS_ROOT}/Target Support Files/Pods-worker-workerUITests/Pods-worker-workerUITests-frameworks-${CONFIGURATION}-input-files.xcfilelist",
			);
			inputPaths = (
			);
			name = "[CP] Embed Pods Frameworks";
			outputFileListPaths = (
				"${PODS_ROOT}/Target Support Files/Pods-worker-workerUITests/Pods-worker-workerUITests-frameworks-${CONFIGURATION}-output-files.xcfilelist",
			);
			outputPaths = (
			);
			runOnlyForDeploymentPostprocessing = 0;
			shellPath = /bin/sh;
			shellScript = "\"${PODS_ROOT}/Target Support Files/Pods-worker-workerUITests/Pods-worker-workerUITests-frameworks.sh\"\n";
			showEnvVarsInLog = 0;
		};
		EE70BF1035503E1FF698D767 /* [CP] Check Pods Manifest.lock */ = {
			isa = PBXShellScriptBuildPhase;
			buildActionMask = 2147483647;
			files = (
			);
			inputFileListPaths = (
			);
			inputPaths = (
				"${PODS_PODFILE_DIR_PATH}/Podfile.lock",
				"${PODS_ROOT}/Manifest.lock",
			);
			name = "[CP] Check Pods Manifest.lock";
			outputFileListPaths = (
			);
			outputPaths = (
				"$(DERIVED_FILE_DIR)/Pods-worker-checkManifestLockResult.txt",
			);
			runOnlyForDeploymentPostprocessing = 0;
			shellPath = /bin/sh;
			shellScript = "diff \"${PODS_PODFILE_DIR_PATH}/Podfile.lock\" \"${PODS_ROOT}/Manifest.lock\" > /dev/null\nif [ $? != 0 ] ; then\n    # print error to STDERR\n    echo \"error: The sandbox is not in sync with the Podfile.lock. Run 'pod install' or update your CocoaPods installation.\" >&2\n    exit 1\nfi\n# This output is used by Xcode 'outputs' to avoid re-running this script phase.\necho \"SUCCESS\" > \"${SCRIPT_OUTPUT_FILE_0}\"\n";
			showEnvVarsInLog = 0;
		};
/* End PBXShellScriptBuildPhase section */

/* Begin PBXSourcesBuildPhase section */
		5944BDF82EF4917900C502B7 /* Sources */ = {
			isa = PBXSourcesBuildPhase;
			buildActionMask = 2147483647;
			files = (
			);
			runOnlyForDeploymentPostprocessing = 0;
		};
		5944BE092EF4917A00C502B7 /* Sources */ = {
			isa = PBXSourcesBuildPhase;
			buildActionMask = 2147483647;
			files = (
			);
			runOnlyForDeploymentPostprocessing = 0;
		};
		5944BE132EF4917A00C502B7 /* Sources */ = {
			isa = PBXSourcesBuildPhase;
			buildActionMask = 2147483647;
			files = (
			);
			runOnlyForDeploymentPostprocessing = 0;
		};
/* End PBXSourcesBuildPhase section */

/* Begin PBXTargetDependency section */
		5944BE0F2EF4917A00C502B7 /* PBXTargetDependency */ = {
			isa = PBXTargetDependency;
			target = 5944BDFB2EF4917900C502B7 /* worker */;
			targetProxy = 5944BE0E2EF4917A00C502B7 /* PBXContainerItemProxy */;
		};
		5944BE192EF4917A00C502B7 /* PBXTargetDependency */ = {
			isa = PBXTargetDependency;
			target = 5944BDFB2EF4917900C502B7 /* worker */;
			targetProxy = 5944BE182EF4917A00C502B7 /* PBXContainerItemProxy */;
		};
/* End PBXTargetDependency section */

/* Begin XCBuildConfiguration section */
		5944BE212EF4917A00C502B7 /* Debug */ = {
			isa = XCBuildConfiguration;
			baseConfigurationReference = 4D3000DAE80AAF08008EB212 /* Pods-worker.debug.xcconfig */;
			buildSettings = {
				ASSETCATALOG_COMPILER_APPICON_NAME = AppIcon;
				ASSETCATALOG_COMPILER_GLOBAL_ACCENT_COLOR_NAME = AccentColor;
				CODE_SIGN_ENTITLEMENTS = worker/worker.entitlements;
				CODE_SIGN_STYLE = Automatic;
				CURRENT_PROJECT_VERSION = 1;
				DEFINES_MODULE = YES;
				DEVELOPMENT_TEAM = A22X7HR8RY;
				ENABLE_PREVIEWS = YES;
				GENERATE_INFOPLIST_FILE = YES;
				INFOPLIST_FILE = worker/Info.plist;
				INFOPLIST_KEY_UIApplicationSceneManifest_Generation = YES;
				INFOPLIST_KEY_UIApplicationSupportsIndirectInputEvents = YES;
				INFOPLIST_KEY_UILaunchScreen_Generation = YES;
				INFOPLIST_KEY_UISupportedInterfaceOrientations_iPad = "UIInterfaceOrientationPortrait UIInterfaceOrientationPortraitUpsideDown UIInterfaceOrientationLandscapeLeft UIInterfaceOrientationLandscapeRight";
				INFOPLIST_KEY_UISupportedInterfaceOrientations_iPhone = "UIInterfaceOrientationPortrait UIInterfaceOrientationLandscapeLeft UIInterfaceOrientationLandscapeRight";
				LD_RUNPATH_SEARCH_PATHS = (
					"$(inherited)",
					"@executable_path/Frameworks",
				);
				MARKETING_VERSION = 1.0;
				PRODUCT_BUNDLE_IDENTIFIER = hu.matusz.szakdologozat.worker;
				PRODUCT_NAME = "$(TARGET_NAME)";
				STRING_CATALOG_GENERATE_SYMBOLS = YES;
				SWIFT_APPROACHABLE_CONCURRENCY = YES;
				SWIFT_DEFAULT_ACTOR_ISOLATION = MainActor;
				SWIFT_EMIT_LOC_STRINGS = YES;
				SWIFT_UPCOMING_FEATURE_MEMBER_IMPORT_VISIBILITY = YES;
				SWIFT_VERSION = 5.0;
				TARGETED_DEVICE_FAMILY = "1,2";
			};
			name = Debug;
		};
		5944BE222EF4917A00C502B7 /* Release */ = {
			isa = XCBuildConfiguration;
			baseConfigurationReference = C254806EBBFEDA788B57E550 /* Pods-worker.release.xcconfig */;
			buildSettings = {
				ASSETCATALOG_COMPILER_APPICON_NAME = AppIcon;
				ASSETCATALOG_COMPILER_GLOBAL_ACCENT_COLOR_NAME = AccentColor;
				CODE_SIGN_ENTITLEMENTS = worker/worker.entitlements;
				CODE_SIGN_STYLE = Automatic;
				CURRENT_PROJECT_VERSION = 1;
				DEFINES_MODULE = YES;
				DEVELOPMENT_TEAM = A22X7HR8RY;
				ENABLE_PREVIEWS = YES;
				GENERATE_INFOPLIST_FILE = YES;
				INFOPLIST_FILE = worker/Info.plist;
				INFOPLIST_KEY_UIApplicationSceneManifest_Generation = YES;
				INFOPLIST_KEY_UIApplicationSupportsIndirectInputEvents = YES;
				INFOPLIST_KEY_UILaunchScreen_Generation = YES;
				INFOPLIST_KEY_UISupportedInterfaceOrientations_iPad = "UIInterfaceOrientationPortrait UIInterfaceOrientationPortraitUpsideDown UIInterfaceOrientationLandscapeLeft UIInterfaceOrientationLandscapeRight";
				INFOPLIST_KEY_UISupportedInterfaceOrientations_iPhone = "UIInterfaceOrientationPortrait UIInterfaceOrientationLandscapeLeft UIInterfaceOrientationLandscapeRight";
				LD_RUNPATH_SEARCH_PATHS = (
					"$(inherited)",
					"@executable_path/Frameworks",
				);
				MARKETING_VERSION = 1.0;
				PRODUCT_BUNDLE_IDENTIFIER = hu.matusz.szakdologozat.worker;
				PRODUCT_NAME = "$(TARGET_NAME)";
				STRING_CATALOG_GENERATE_SYMBOLS = YES;
				SWIFT_APPROACHABLE_CONCURRENCY = YES;
				SWIFT_DEFAULT_ACTOR_ISOLATION = MainActor;
				SWIFT_EMIT_LOC_STRINGS = YES;
				SWIFT_UPCOMING_FEATURE_MEMBER_IMPORT_VISIBILITY = YES;
				SWIFT_VERSION = 5.0;
				TARGETED_DEVICE_FAMILY = "1,2";
			};
			name = Release;
		};
		5944BE232EF4917A00C502B7 /* Debug */ = {
			isa = XCBuildConfiguration;
			buildSettings = {
				ALWAYS_SEARCH_USER_PATHS = NO;
				ASSETCATALOG_COMPILER_GENERATE_SWIFT_ASSET_SYMBOL_EXTENSIONS = YES;
				CLANG_ANALYZER_NONNULL = YES;
				CLANG_ANALYZER_NUMBER_OBJECT_CONVERSION = YES_AGGRESSIVE;
				CLANG_CXX_LANGUAGE_STANDARD = "gnu++20";
				CLANG_ENABLE_MODULES = YES;
				CLANG_ENABLE_OBJC_ARC = YES;
				CLANG_ENABLE_OBJC_WEAK = YES;
				CLANG_WARN_BLOCK_CAPTURE_AUTORELEASING = YES;
				CLANG_WARN_BOOL_CONVERSION = YES;
				CLANG_WARN_COMMA = YES;
				CLANG_WARN_CONSTANT_CONVERSION = YES;
				CLANG_WARN_DEPRECATED_OBJC_IMPLEMENTATIONS = YES;
				CLANG_WARN_DIRECT_OBJC_ISA_USAGE = YES_ERROR;
				CLANG_WARN_DOCUMENTATION_COMMENTS = YES;
				CLANG_WARN_EMPTY_BODY = YES;
				CLANG_WARN_ENUM_CONVERSION = YES;
				CLANG_WARN_INFINITE_RECURSION = YES;
				CLANG_WARN_INT_CONVERSION = YES;
				CLANG_WARN_NON_LITERAL_NULL_CONVERSION = YES;
				CLANG_WARN_OBJC_IMPLICIT_RETAIN_SELF = YES;
				CLANG_WARN_OBJC_LITERAL_CONVERSION = YES;
				CLANG_WARN_OBJC_ROOT_CLASS = YES_ERROR;
				CLANG_WARN_QUOTED_INCLUDE_IN_FRAMEWORK_HEADER = YES;
				CLANG_WARN_RANGE_LOOP_ANALYSIS = YES;
				CLANG_WARN_STRICT_PROTOTYPES = YES;
				CLANG_WARN_SUSPICIOUS_MOVE = YES;
				CLANG_WARN_UNGUARDED_AVAILABILITY = YES_AGGRESSIVE;
				CLANG_WARN_UNREACHABLE_CODE = YES;
				CLANG_WARN__DUPLICATE_METHOD_MATCH = YES;
				COPY_PHASE_STRIP = NO;
				DEBUG_INFORMATION_FORMAT = dwarf;
				DEVELOPMENT_TEAM = A22X7HR8RY;
				ENABLE_STRICT_OBJC_MSGSEND = YES;
				ENABLE_TESTABILITY = YES;
				ENABLE_USER_SCRIPT_SANDBOXING = YES;
				GCC_C_LANGUAGE_STANDARD = gnu17;
				GCC_DYNAMIC_NO_PIC = NO;
				GCC_NO_COMMON_BLOCKS = YES;
				GCC_OPTIMIZATION_LEVEL = 0;
				GCC_PREPROCESSOR_DEFINITIONS = (
					"DEBUG=1",
					"$(inherited)",
				);
				GCC_WARN_64_TO_32_BIT_CONVERSION = YES;
				GCC_WARN_ABOUT_RETURN_TYPE = YES_ERROR;
				GCC_WARN_UNDECLARED_SELECTOR = YES;
				GCC_WARN_UNINITIALIZED_AUTOS = YES_AGGRESSIVE;
				GCC_WARN_UNUSED_FUNCTION = YES;
				GCC_WARN_UNUSED_VARIABLE = YES;
				IPHONEOS_DEPLOYMENT_TARGET = 26.2;
				LOCALIZATION_PREFERS_STRING_CATALOGS = YES;
				MTL_ENABLE_DEBUG_INFO = INCLUDE_SOURCE;
				MTL_FAST_MATH = YES;
				ONLY_ACTIVE_ARCH = YES;
				SDKROOT = iphoneos;
				SWIFT_ACTIVE_COMPILATION_CONDITIONS = "DEBUG $(inherited)";
				SWIFT_OPTIMIZATION_LEVEL = "-Onone";
			};
			name = Debug;
		};
		5944BE242EF4917A00C502B7 /* Release */ = {
			isa = XCBuildConfiguration;
			buildSettings = {
				ALWAYS_SEARCH_USER_PATHS = NO;
				ASSETCATALOG_COMPILER_GENERATE_SWIFT_ASSET_SYMBOL_EXTENSIONS = YES;
				CLANG_ANALYZER_NONNULL = YES;
				CLANG_ANALYZER_NUMBER_OBJECT_CONVERSION = YES_AGGRESSIVE;
				CLANG_CXX_LANGUAGE_STANDARD = "gnu++20";
				CLANG_ENABLE_MODULES = YES;
				CLANG_ENABLE_OBJC_ARC = YES;
				CLANG_ENABLE_OBJC_WEAK = YES;
				CLANG_WARN_BLOCK_CAPTURE_AUTORELEASING = YES;
				CLANG_WARN_BOOL_CONVERSION = YES;
				CLANG_WARN_COMMA = YES;
				CLANG_WARN_CONSTANT_CONVERSION = YES;
				CLANG_WARN_DEPRECATED_OBJC_IMPLEMENTATIONS = YES;
				CLANG_WARN_DIRECT_OBJC_ISA_USAGE = YES_ERROR;
				CLANG_WARN_DOCUMENTATION_COMMENTS = YES;
				CLANG_WARN_EMPTY_BODY = YES;
				CLANG_WARN_ENUM_CONVERSION = YES;
				CLANG_WARN_INFINITE_RECURSION = YES;
				CLANG_WARN_INT_CONVERSION = YES;
				CLANG_WARN_NON_LITERAL_NULL_CONVERSION = YES;
				CLANG_WARN_OBJC_IMPLICIT_RETAIN_SELF = YES;
				CLANG_WARN_OBJC_LITERAL_CONVERSION = YES;
				CLANG_WARN_OBJC_ROOT_CLASS = YES_ERROR;
				CLANG_WARN_QUOTED_INCLUDE_IN_FRAMEWORK_HEADER = YES;
				CLANG_WARN_RANGE_LOOP_ANALYSIS = YES;
				CLANG_WARN_STRICT_PROTOTYPES = YES;
				CLANG_WARN_SUSPICIOUS_MOVE = YES;
				CLANG_WARN_UNGUARDED_AVAILABILITY = YES_AGGRESSIVE;
				CLANG_WARN_UNREACHABLE_CODE = YES;
				CLANG_WARN__DUPLICATE_METHOD_MATCH = YES;
				COPY_PHASE_STRIP = NO;
				DEBUG_INFORMATION_FORMAT = "dwarf-with-dsym";
				DEVELOPMENT_TEAM = A22X7HR8RY;
				ENABLE_NS_ASSERTIONS = NO;
				ENABLE_STRICT_OBJC_MSGSEND = YES;
				ENABLE_USER_SCRIPT_SANDBOXING = YES;
				GCC_C_LANGUAGE_STANDARD = gnu17;
				GCC_NO_COMMON_BLOCKS = YES;
				GCC_WARN_64_TO_32_BIT_CONVERSION = YES;
				GCC_WARN_ABOUT_RETURN_TYPE = YES_ERROR;
				GCC_WARN_UNDECLARED_SELECTOR = YES;
				GCC_WARN_UNINITIALIZED_AUTOS = YES_AGGRESSIVE;
				GCC_WARN_UNUSED_FUNCTION = YES;
				GCC_WARN_UNUSED_VARIABLE = YES;
				IPHONEOS_DEPLOYMENT_TARGET = 26.2;
				LOCALIZATION_PREFERS_STRING_CATALOGS = YES;
				MTL_ENABLE_DEBUG_INFO = NO;
				MTL_FAST_MATH = YES;
				SDKROOT = iphoneos;
				SWIFT_COMPILATION_MODE = wholemodule;
				VALIDATE_PRODUCT = YES;
			};
			name = Release;
		};
		5944BE262EF4917A00C502B7 /* Debug */ = {
			isa = XCBuildConfiguration;
			baseConfigurationReference = B3B94C930F55EC7662438A8C /* Pods-workerTests.debug.xcconfig */;
			buildSettings = {
				BUNDLE_LOADER = "$(TEST_HOST)";
				CODE_SIGN_STYLE = Automatic;
				CURRENT_PROJECT_VERSION = 1;
				DEFINES_MODULE = YES;
				DEVELOPMENT_TEAM = A22X7HR8RY;
				GENERATE_INFOPLIST_FILE = YES;
				IPHONEOS_DEPLOYMENT_TARGET = 26.2;
				MARKETING_VERSION = 1.0;
				PRODUCT_BUNDLE_IDENTIFIER = hu.matusz.szakdologozat.workerTests;
				PRODUCT_NAME = "$(TARGET_NAME)";
				STRING_CATALOG_GENERATE_SYMBOLS = NO;
				SWIFT_APPROACHABLE_CONCURRENCY = YES;
				SWIFT_EMIT_LOC_STRINGS = NO;
				SWIFT_UPCOMING_FEATURE_MEMBER_IMPORT_VISIBILITY = YES;
				SWIFT_VERSION = 5.0;
				TARGETED_DEVICE_FAMILY = "1,2";
				TEST_HOST = "$(BUILT_PRODUCTS_DIR)/worker.app/$(BUNDLE_EXECUTABLE_FOLDER_PATH)/worker";
			};
			name = Debug;
		};
		5944BE272EF4917A00C502B7 /* Release */ = {
			isa = XCBuildConfiguration;
			baseConfigurationReference = C86B3EA4C3C7F809093D1AC0 /* Pods-workerTests.release.xcconfig */;
			buildSettings = {
				BUNDLE_LOADER = "$(TEST_HOST)";
				CODE_SIGN_STYLE = Automatic;
				CURRENT_PROJECT_VERSION = 1;
				DEFINES_MODULE = YES;
				DEVELOPMENT_TEAM = A22X7HR8RY;
				GENERATE_INFOPLIST_FILE = YES;
				IPHONEOS_DEPLOYMENT_TARGET = 26.2;
				MARKETING_VERSION = 1.0;
				PRODUCT_BUNDLE_IDENTIFIER = hu.matusz.szakdologozat.workerTests;
				PRODUCT_NAME = "$(TARGET_NAME)";
				STRING_CATALOG_GENERATE_SYMBOLS = NO;
				SWIFT_APPROACHABLE_CONCURRENCY = YES;
				SWIFT_EMIT_LOC_STRINGS = NO;
				SWIFT_UPCOMING_FEATURE_MEMBER_IMPORT_VISIBILITY = YES;
				SWIFT_VERSION = 5.0;
				TARGETED_DEVICE_FAMILY = "1,2";
				TEST_HOST = "$(BUILT_PRODUCTS_DIR)/worker.app/$(BUNDLE_EXECUTABLE_FOLDER_PATH)/worker";
			};
			name = Release;
		};
		5944BE292EF4917A00C502B7 /* Debug */ = {
			isa = XCBuildConfiguration;
			baseConfigurationReference = FC8B5B73774556504165B669 /* Pods-worker-workerUITests.debug.xcconfig */;
			buildSettings = {
				CLANG_ENABLE_MODULES = YES;
				CODE_SIGN_STYLE = Automatic;
				CURRENT_PROJECT_VERSION = 1;
				DEFINES_MODULE = YES;
				DEVELOPMENT_TEAM = A22X7HR8RY;
				GENERATE_INFOPLIST_FILE = YES;
				MARKETING_VERSION = 1.0;
				PRODUCT_BUNDLE_IDENTIFIER = hu.matusz.szakdologozat.workerUITests;
				PRODUCT_NAME = "$(TARGET_NAME)";
				STRING_CATALOG_GENERATE_SYMBOLS = NO;
				SWIFT_APPROACHABLE_CONCURRENCY = YES;
				SWIFT_EMIT_LOC_STRINGS = NO;
				SWIFT_OBJC_BRIDGING_HEADER = "workerUITests/workerUITests-Bridging-Header.h";
				SWIFT_OPTIMIZATION_LEVEL = "-Onone";
				SWIFT_UPCOMING_FEATURE_MEMBER_IMPORT_VISIBILITY = YES;
				SWIFT_VERSION = 5.0;
				TARGETED_DEVICE_FAMILY = "1,2";
				TEST_TARGET_NAME = worker;
			};
			name = Debug;
		};
		5944BE2A2EF4917A00C502B7 /* Release */ = {
			isa = XCBuildConfiguration;
			baseConfigurationReference = DF43D8B0B88998FCB819665F /* Pods-worker-workerUITests.release.xcconfig */;
			buildSettings = {
				CLANG_ENABLE_MODULES = YES;
				CODE_SIGN_STYLE = Automatic;
				CURRENT_PROJECT_VERSION = 1;
				DEFINES_MODULE = YES;
				DEVELOPMENT_TEAM = A22X7HR8RY;
				GENERATE_INFOPLIST_FILE = YES;
				MARKETING_VERSION = 1.0;
				PRODUCT_BUNDLE_IDENTIFIER = hu.matusz.szakdologozat.workerUITests;
				PRODUCT_NAME = "$(TARGET_NAME)";
				STRING_CATALOG_GENERATE_SYMBOLS = NO;
				SWIFT_APPROACHABLE_CONCURRENCY = YES;
				SWIFT_EMIT_LOC_STRINGS = NO;
				SWIFT_OBJC_BRIDGING_HEADER = "workerUITests/workerUITests-Bridging-Header.h";
				SWIFT_UPCOMING_FEATURE_MEMBER_IMPORT_VISIBILITY = YES;
				SWIFT_VERSION = 5.0;
				TARGETED_DEVICE_FAMILY = "1,2";
				TEST_TARGET_NAME = worker;
			};
			name = Release;
		};
/* End XCBuildConfiguration section */

/* Begin XCConfigurationList section */
		5944BDF72EF4917900C502B7 /* Build configuration list for PBXProject "worker" */ = {
			isa = XCConfigurationList;
			buildConfigurations = (
				5944BE232EF4917A00C502B7 /* Debug */,
				5944BE242EF4917A00C502B7 /* Release */,
			);
			defaultConfigurationIsVisible = 0;
			defaultConfigurationName = Release;
		};
		5944BE202EF4917A00C502B7 /* Build configuration list for PBXNativeTarget "worker" */ = {
			isa = XCConfigurationList;
			buildConfigurations = (
				5944BE212EF4917A00C502B7 /* Debug */,
				5944BE222EF4917A00C502B7 /* Release */,
			);
			defaultConfigurationIsVisible = 0;
			defaultConfigurationName = Release;
		};
		5944BE252EF4917A00C502B7 /* Build configuration list for PBXNativeTarget "workerTests" */ = {
			isa = XCConfigurationList;
			buildConfigurations = (
				5944BE262EF4917A00C502B7 /* Debug */,
				5944BE272EF4917A00C502B7 /* Release */,
			);
			defaultConfigurationIsVisible = 0;
			defaultConfigurationName = Release;
		};
		5944BE282EF4917A00C502B7 /* Build configuration list for PBXNativeTarget "workerUITests" */ = {
			isa = XCConfigurationList;
			buildConfigurations = (
				5944BE292EF4917A00C502B7 /* Debug */,
				5944BE2A2EF4917A00C502B7 /* Release */,
			);
			defaultConfigurationIsVisible = 0;
			defaultConfigurationName = Release;
		};
/* End XCConfigurationList section */
	};
	rootObject = 5944BDF42EF4917900C502B7 /* Project object */;
}
