{
  "pins" : [
    {
      "identity" : "cucumberswiftexpressions",
      "kind" : "remoteSourceControl",
      "location" : "https://github.com/cucumberswift/CucumberSwiftExpressions.git",
      "state" : {
        "revision" : "5200dc2c5d7cd31f07a13f030ab0027224d2dbea",
        "version" : "0.0.8"
      }
    }
  ],
  "version" : 3
}
